{
  "nodes": {
    "network-compiler": {
      "inputs": {
        "network-labs": "network-labs",
        "nixpkgs": [
          "nixpkgs"
        ],
        "nixpkgs-network": "nixpkgs-network"
      },
      "locked": {
        "lastModified": 1780531070,
        "narHash": "sha256-YxQVgzd4BW3i3qmBQcrwDtDVkOy0fqw6MDj3/nOc+24=",
        "owner": "esp0xdeadbeef",
        "repo": "network-compiler",
        "rev": "efbd328e63e2145a3a095f1e5849d73d4ce0a7be",
        "type": "github"
      },
      "original": {
        "owner": "esp0xdeadbeef",
        "repo": "network-compiler",
        "type": "github"
      }
    },
    "network-labs": {
      "flake": false,
      "locked": {
        "lastModified": 1780531052,
        "narHash": "sha256-IQc1GEpDdU09fUpE4C5oL6Q2tyd4sqaVDTqs4/Rr3OU=",
        "owner": "esp0xdeadbeef",
        "repo": "network-labs",
        "rev": "27a7ac3af2dd6855015590e051b4cb0f5683c42f",
        "type": "github"
      },
      "original": {
        "owner": "esp0xdeadbeef",
        "repo": "network-labs",
        "type": "github"
      }
    },
    "network-labs_2": {
      "flake": false,
      "locked": {
        "lastModified": 1780531052,
        "narHash": "sha256-IQc1GEpDdU09fUpE4C5oL6Q2tyd4sqaVDTqs4/Rr3OU=",
        "owner": "esp0xdeadbeef",
        "repo": "network-labs",
        "rev": "27a7ac3af2dd6855015590e051b4cb0f5683c42f",
        "type": "github"
      },
      "original": {
        "owner": "esp0xdeadbeef",
        "repo": "network-labs",
        "type": "github"
      }
    },
    "nixpkgs": {
      "locked": {
        "lastModified": 1780243769,
        "narHash": "sha256-x5UQuRsH3MqI0U9afaXSNqzTPSeZlRLvFAav2Ux1pNw=",
        "owner": "NixOS",
        "repo": "nixpkgs",
        "rev": "331800de5053fcebacf6813adb5db9c9dca22a0c",
        "type": "github"
      },
      "original": {
        "owner": "NixOS",
        "ref": "nixos-unstable",
        "repo": "nixpkgs",
        "type": "github"
      }
    },
    "nixpkgs-network": {
      "locked": {
        "lastModified": 1722112448,
        "narHash": "sha256-Ugp/K1wA7N0u0xE27YP/fvFaZqK9dYKSjJ/OoTdQ7rc=",
        "owner": "NixOS",
        "repo": "nixpkgs",
        "rev": "ac56c456ebe4901c561d3ebf1c98fbd970aea753",
        "type": "github"
      },
      "original": {
        "owner": "NixOS",
        "repo": "nixpkgs",
        "rev": "ac56c456ebe4901c561d3ebf1c98fbd970aea753",
        "type": "github"
      }
    },
    "nixpkgs-network_2": {
      "locked": {
        "lastModified": 1722112448,
        "narHash": "sha256-Ugp/K1wA7N0u0xE27YP/fvFaZqK9dYKSjJ/OoTdQ7rc=",
        "owner": "NixOS",
        "repo": "nixpkgs",
        "rev": "ac56c456ebe4901c561d3ebf1c98fbd970aea753",
        "type": "github"
      },
      "original": {
        "owner": "NixOS",
        "repo": "nixpkgs",
        "rev": "ac56c456ebe4901c561d3ebf1c98fbd970aea753",
        "type": "github"
      }
    },
    "root": {
      "inputs": {
        "network-compiler": "network-compiler",
        "network-labs": "network-labs_2",
        "nixpkgs": "nixpkgs",
        "nixpkgs-network": "nixpkgs-network_2"
      }
    }
  },
  "root": "root",
  "version": 7
}
