{
  "nodes": {
    "network-compiler": {
      "inputs": {
        "nixpkgs": [
          "nixpkgs"
        ],
        "nixpkgs-network": "nixpkgs-network"
      },
      "locked": {
        "lastModified": 1773005870,
        "narHash": "sha256-KPnYu/brQdMDZbK1e9m3V8thIPUH6fvzP4l6u8revQI=",
        "owner": "esp0xdeadbeef",
        "repo": "network-compiler",
        "rev": "546dd00a94e656704835151e1501bc53b57099a4",
        "type": "github"
      },
      "original": {
        "owner": "esp0xdeadbeef",
        "repo": "network-compiler",
        "type": "github"
      }
    },
    "nixpkgs": {
      "locked": {
        "lastModified": 1772773019,
        "narHash": "sha256-E1bxHxNKfDoQUuvriG71+f+s/NT0qWkImXsYZNFFfCs=",
        "owner": "NixOS",
        "repo": "nixpkgs",
        "rev": "aca4d95fce4914b3892661bcb80b8087293536c6",
        "type": "github"
      },
      "original": {
        "owner": "NixOS",
        "ref": "nixos-unstable",
        "repo": "nixpkgs",
        "type": "github"
      }
    },
    "nixpkgs-network": {
      "flake": false,
      "locked": {
        "lastModified": 1722112448,
        "narHash": "sha256-Ugp/K1wA7N0u0xE27YP/fvFaZqK9dYKSjJ/OoTdQ7rc=",
        "owner": "NixOS",
        "repo": "nixpkgs",
        "rev": "ac56c456ebe4901c561d3ebf1c98fbd970aea753",
        "type": "github"
      },
      "original": {
        "owner": "NixOS",
        "repo": "nixpkgs",
        "rev": "ac56c456ebe4901c561d3ebf1c98fbd970aea753",
        "type": "github"
      }
    },
    "nixpkgs-network_2": {
      "locked": {
        "lastModified": 1722112448,
        "narHash": "sha256-Ugp/K1wA7N0u0xE27YP/fvFaZqK9dYKSjJ/OoTdQ7rc=",
        "owner": "NixOS",
        "repo": "nixpkgs",
        "rev": "ac56c456ebe4901c561d3ebf1c98fbd970aea753",
        "type": "github"
      },
      "original": {
        "owner": "NixOS",
        "repo": "nixpkgs",
        "rev": "ac56c456ebe4901c561d3ebf1c98fbd970aea753",
        "type": "github"
      }
    },
    "root": {
      "inputs": {
        "network-compiler": "network-compiler",
        "nixpkgs": "nixpkgs",
        "nixpkgs-network": "nixpkgs-network_2"
      }
    }
  },
  "root": "root",
  "version": 7
}
