{
  "nodes": {
    "network-compiler": {
      "inputs": {
        "network-labs": "network-labs",
        "nixpkgs": [
          "nixpkgs"
        ],
        "nixpkgs-network": "nixpkgs-network"
      },
      "locked": {
        "lastModified": 1777959267,
        "narHash": "sha256-PWWAX9YI0fF7K5mKU73ccEPn+TUDMUpKvkh+35zQIPQ=",
        "owner": "esp0xdeadbeef",
        "repo": "network-compiler",
        "rev": "7a758f73b76fda3193dbf807ee5b2a1b67180bed",
        "type": "github"
      },
      "original": {
        "owner": "esp0xdeadbeef",
        "repo": "network-compiler",
        "type": "github"
      }
    },
    "network-labs": {
      "flake": false,
      "locked": {
        "lastModified": 1777958378,
        "narHash": "sha256-82UWkkPBOh3Tr50x66/h75HVwM1rXI44YSK4Lyg+Vq4=",
        "owner": "esp0xdeadbeef",
        "repo": "network-labs",
        "rev": "df8aa71a3e896a80a8fc9d3add8b18409acd66bd",
        "type": "github"
      },
      "original": {
        "owner": "esp0xdeadbeef",
        "repo": "network-labs",
        "type": "github"
      }
    },
    "network-labs_2": {
      "flake": false,
      "locked": {
        "lastModified": 1777958378,
        "narHash": "sha256-82UWkkPBOh3Tr50x66/h75HVwM1rXI44YSK4Lyg+Vq4=",
        "owner": "esp0xdeadbeef",
        "repo": "network-labs",
        "rev": "df8aa71a3e896a80a8fc9d3add8b18409acd66bd",
        "type": "github"
      },
      "original": {
        "owner": "esp0xdeadbeef",
        "repo": "network-labs",
        "type": "github"
      }
    },
    "nixpkgs": {
      "locked": {
        "lastModified": 1777578337,
        "narHash": "sha256-Ad49moKWeXtKBJNy2ebiTQUEgdLyvGmTeykAQ9xM+Z4=",
        "owner": "NixOS",
        "repo": "nixpkgs",
        "rev": "15f4ee454b1dce334612fa6843b3e05cf546efab",
        "type": "github"
      },
      "original": {
        "owner": "NixOS",
        "ref": "nixos-unstable",
        "repo": "nixpkgs",
        "type": "github"
      }
    },
    "nixpkgs-network": {
      "locked": {
        "lastModified": 1722112448,
        "narHash": "sha256-Ugp/K1wA7N0u0xE27YP/fvFaZqK9dYKSjJ/OoTdQ7rc=",
        "owner": "NixOS",
        "repo": "nixpkgs",
        "rev": "ac56c456ebe4901c561d3ebf1c98fbd970aea753",
        "type": "github"
      },
      "original": {
        "owner": "NixOS",
        "repo": "nixpkgs",
        "rev": "ac56c456ebe4901c561d3ebf1c98fbd970aea753",
        "type": "github"
      }
    },
    "nixpkgs-network_2": {
      "locked": {
        "lastModified": 1722112448,
        "narHash": "sha256-Ugp/K1wA7N0u0xE27YP/fvFaZqK9dYKSjJ/OoTdQ7rc=",
        "owner": "NixOS",
        "repo": "nixpkgs",
        "rev": "ac56c456ebe4901c561d3ebf1c98fbd970aea753",
        "type": "github"
      },
      "original": {
        "owner": "NixOS",
        "repo": "nixpkgs",
        "rev": "ac56c456ebe4901c561d3ebf1c98fbd970aea753",
        "type": "github"
      }
    },
    "root": {
      "inputs": {
        "network-compiler": "network-compiler",
        "network-labs": "network-labs_2",
        "nixpkgs": "nixpkgs",
        "nixpkgs-network": "nixpkgs-network_2"
      }
    }
  },
  "root": "root",
  "version": 7
}
